
Microsoft Visual Studio Solution File, Format Version 12.00
# Visual Studio Version 16
VisualStudioVersion = 16.0.31112.23
MinimumVisualStudioVersion = 10.0.40219.1
Project("{8BC9CEB8-8B4A-11D0-8D11-00A0C91BC942}") = "rximage", "CxImage\cximage.vcxproj", "{C739151F-5384-41DF-A1A6-F089E2C1AD56}"
EndProject
Project("{8BC9CEB8-8B4A-11D0-8D11-00A0C91BC942}") = "jasper", "jasper\jasper.vcxproj", "{FFDA5DA1-BB65-4695-B678-BE59B4A1355D}"
EndProject
Project("{8BC9CEB8-8B4A-11D0-8D11-00A0C91BC942}") = "jbig", "jbig\jbig.vcxproj", "{764C3A2D-FB0F-428E-B1C7-62D1DD2CE239}"
EndProject
Project("{8BC9CEB8-8B4A-11D0-8D11-00A0C91BC942}") = "jpeg", "jpeg\Jpeg.vcxproj", "{818753F2-DBB9-4D3B-898A-A604309BE470}"
EndProject
Project("{8BC9CEB8-8B4A-11D0-8D11-00A0C91BC942}") = "libdcr", "raw\libdcr.vcxproj", "{DF861D33-9BC1-418C-82B1-581F590FE169}"
EndProject
Project("{8BC9CEB8-8B4A-11D0-8D11-00A0C91BC942}") = "tiff", "tiff\Tiff.vcxproj", "{0588563C-F05C-428C-B21A-DD74756628B3}"
EndProject
Project("{8BC9CEB8-8B4A-11D0-8D11-00A0C91BC942}") = "zlib", "zlib\zlib.vcxproj", "{7B53D2C7-1B4A-4A53-A7D3-E25B92470B81}"
EndProject
Project("{8BC9CEB8-8B4A-11D0-8D11-00A0C91BC942}") = "libpsd", "libpsd\libpsd.vcxproj", "{378B1934-2AD3-401A-B0B9-854FF9E3CEC3}"
EndProject
Project("{8BC9CEB8-8B4A-11D0-8D11-00A0C91BC942}") = "mng", "mng\mng.vcxproj", "{40A69F40-063E-43FD-8543-455495D8733E}"
EndProject
Project("{8BC9CEB8-8B4A-11D0-8D11-00A0C91BC942}") = "png", "png\png.vcxproj", "{43A0E60E-5C4A-4C09-A29B-7683F503BBD7}"
EndProject
Global
	GlobalSection(SolutionConfigurationPlatforms) = preSolution
		Debug|Win32 = Debug|Win32
		Debug|Win64 = Debug|Win64
		Debug|x64 = Debug|x64
		Release|Win32 = Release|Win32
		Release|Win64 = Release|Win64
		Release|x64 = Release|x64
		Unicode_Debug|Win32 = Unicode_Debug|Win32
		Unicode_Debug|Win64 = Unicode_Debug|Win64
		Unicode_Debug|x64 = Unicode_Debug|x64
		Unicode_Release|Win32 = Unicode_Release|Win32
		Unicode_Release|Win64 = Unicode_Release|Win64
		Unicode_Release|x64 = Unicode_Release|x64
	EndGlobalSection
	GlobalSection(ProjectConfigurationPlatforms) = postSolution
		{C739151F-5384-41DF-A1A6-F089E2C1AD56}.Debug|Win32.ActiveCfg = Debug|Win32
		{C739151F-5384-41DF-A1A6-F089E2C1AD56}.Debug|Win32.Build.0 = Debug|Win32
		{C739151F-5384-41DF-A1A6-F089E2C1AD56}.Debug|Win64.ActiveCfg = Debug|x64
		{C739151F-5384-41DF-A1A6-F089E2C1AD56}.Debug|Win64.Build.0 = Debug|x64
		{C739151F-5384-41DF-A1A6-F089E2C1AD56}.Debug|x64.ActiveCfg = Debug|x64
		{C739151F-5384-41DF-A1A6-F089E2C1AD56}.Debug|x64.Build.0 = Debug|x64
		{C739151F-5384-41DF-A1A6-F089E2C1AD56}.Release|Win32.ActiveCfg = Release|Win32
		{C739151F-5384-41DF-A1A6-F089E2C1AD56}.Release|Win32.Build.0 = Release|Win32
		{C739151F-5384-41DF-A1A6-F089E2C1AD56}.Release|Win64.ActiveCfg = Release|x64
		{C739151F-5384-41DF-A1A6-F089E2C1AD56}.Release|Win64.Build.0 = Release|x64
		{C739151F-5384-41DF-A1A6-F089E2C1AD56}.Release|x64.ActiveCfg = Release|x64
		{C739151F-5384-41DF-A1A6-F089E2C1AD56}.Release|x64.Build.0 = Release|x64
		{C739151F-5384-41DF-A1A6-F089E2C1AD56}.Unicode_Debug|Win32.ActiveCfg = Unicode_Debug|Win32
		{C739151F-5384-41DF-A1A6-F089E2C1AD56}.Unicode_Debug|Win32.Build.0 = Unicode_Debug|Win32
		{C739151F-5384-41DF-A1A6-F089E2C1AD56}.Unicode_Debug|Win64.ActiveCfg = Unicode_Debug|x64
		{C739151F-5384-41DF-A1A6-F089E2C1AD56}.Unicode_Debug|Win64.Build.0 = Unicode_Debug|x64
		{C739151F-5384-41DF-A1A6-F089E2C1AD56}.Unicode_Debug|x64.ActiveCfg = Unicode_Debug|x64
		{C739151F-5384-41DF-A1A6-F089E2C1AD56}.Unicode_Debug|x64.Build.0 = Unicode_Debug|x64
		{C739151F-5384-41DF-A1A6-F089E2C1AD56}.Unicode_Release|Win32.ActiveCfg = Unicode_Release|Win32
		{C739151F-5384-41DF-A1A6-F089E2C1AD56}.Unicode_Release|Win32.Build.0 = Unicode_Release|Win32
		{C739151F-5384-41DF-A1A6-F089E2C1AD56}.Unicode_Release|Win64.ActiveCfg = Unicode_Release|x64
		{C739151F-5384-41DF-A1A6-F089E2C1AD56}.Unicode_Release|Win64.Build.0 = Unicode_Release|x64
		{C739151F-5384-41DF-A1A6-F089E2C1AD56}.Unicode_Release|x64.ActiveCfg = Unicode_Release|x64
		{C739151F-5384-41DF-A1A6-F089E2C1AD56}.Unicode_Release|x64.Build.0 = Unicode_Release|x64
		{FFDA5DA1-BB65-4695-B678-BE59B4A1355D}.Debug|Win32.ActiveCfg = Debug|Win32
		{FFDA5DA1-BB65-4695-B678-BE59B4A1355D}.Debug|Win32.Build.0 = Debug|Win32
		{FFDA5DA1-BB65-4695-B678-BE59B4A1355D}.Debug|Win64.ActiveCfg = Debug|x64
		{FFDA5DA1-BB65-4695-B678-BE59B4A1355D}.Debug|Win64.Build.0 = Debug|x64
		{FFDA5DA1-BB65-4695-B678-BE59B4A1355D}.Debug|x64.ActiveCfg = Debug|x64
		{FFDA5DA1-BB65-4695-B678-BE59B4A1355D}.Debug|x64.Build.0 = Debug|x64
		{FFDA5DA1-BB65-4695-B678-BE59B4A1355D}.Release|Win32.ActiveCfg = Release|Win32
		{FFDA5DA1-BB65-4695-B678-BE59B4A1355D}.Release|Win32.Build.0 = Release|Win32
		{FFDA5DA1-BB65-4695-B678-BE59B4A1355D}.Release|Win64.ActiveCfg = Release|x64
		{FFDA5DA1-BB65-4695-B678-BE59B4A1355D}.Release|Win64.Build.0 = Release|x64
		{FFDA5DA1-BB65-4695-B678-BE59B4A1355D}.Release|x64.ActiveCfg = Release|x64
		{FFDA5DA1-BB65-4695-B678-BE59B4A1355D}.Release|x64.Build.0 = Release|x64
		{FFDA5DA1-BB65-4695-B678-BE59B4A1355D}.Unicode_Debug|Win32.ActiveCfg = Unicode_Debug|Win32
		{FFDA5DA1-BB65-4695-B678-BE59B4A1355D}.Unicode_Debug|Win32.Build.0 = Unicode_Debug|Win32
		{FFDA5DA1-BB65-4695-B678-BE59B4A1355D}.Unicode_Debug|Win64.ActiveCfg = Unicode_Debug|x64
		{FFDA5DA1-BB65-4695-B678-BE59B4A1355D}.Unicode_Debug|Win64.Build.0 = Unicode_Debug|x64
		{FFDA5DA1-BB65-4695-B678-BE59B4A1355D}.Unicode_Debug|x64.ActiveCfg = Unicode_Debug|x64
		{FFDA5DA1-BB65-4695-B678-BE59B4A1355D}.Unicode_Debug|x64.Build.0 = Unicode_Debug|x64
		{FFDA5DA1-BB65-4695-B678-BE59B4A1355D}.Unicode_Release|Win32.ActiveCfg = Unicode_Release|Win32
		{FFDA5DA1-BB65-4695-B678-BE59B4A1355D}.Unicode_Release|Win32.Build.0 = Unicode_Release|Win32
		{FFDA5DA1-BB65-4695-B678-BE59B4A1355D}.Unicode_Release|Win64.ActiveCfg = Unicode_Release|x64
		{FFDA5DA1-BB65-4695-B678-BE59B4A1355D}.Unicode_Release|Win64.Build.0 = Unicode_Release|x64
		{FFDA5DA1-BB65-4695-B678-BE59B4A1355D}.Unicode_Release|x64.ActiveCfg = Unicode_Release|x64
		{FFDA5DA1-BB65-4695-B678-BE59B4A1355D}.Unicode_Release|x64.Build.0 = Unicode_Release|x64
		{764C3A2D-FB0F-428E-B1C7-62D1DD2CE239}.Debug|Win32.ActiveCfg = Debug|Win32
		{764C3A2D-FB0F-428E-B1C7-62D1DD2CE239}.Debug|Win32.Build.0 = Debug|Win32
		{764C3A2D-FB0F-428E-B1C7-62D1DD2CE239}.Debug|Win64.ActiveCfg = Debug|x64
		{764C3A2D-FB0F-428E-B1C7-62D1DD2CE239}.Debug|Win64.Build.0 = Debug|x64
		{764C3A2D-FB0F-428E-B1C7-62D1DD2CE239}.Debug|x64.ActiveCfg = Debug|x64
		{764C3A2D-FB0F-428E-B1C7-62D1DD2CE239}.Debug|x64.Build.0 = Debug|x64
		{764C3A2D-FB0F-428E-B1C7-62D1DD2CE239}.Release|Win32.ActiveCfg = Release|Win32
		{764C3A2D-FB0F-428E-B1C7-62D1DD2CE239}.Release|Win32.Build.0 = Release|Win32
		{764C3A2D-FB0F-428E-B1C7-62D1DD2CE239}.Release|Win64.ActiveCfg = Release|x64
		{764C3A2D-FB0F-428E-B1C7-62D1DD2CE239}.Release|Win64.Build.0 = Release|x64
		{764C3A2D-FB0F-428E-B1C7-62D1DD2CE239}.Release|x64.ActiveCfg = Release|x64
		{764C3A2D-FB0F-428E-B1C7-62D1DD2CE239}.Release|x64.Build.0 = Release|x64
		{764C3A2D-FB0F-428E-B1C7-62D1DD2CE239}.Unicode_Debug|Win32.ActiveCfg = Unicode_Debug|Win32
		{764C3A2D-FB0F-428E-B1C7-62D1DD2CE239}.Unicode_Debug|Win32.Build.0 = Unicode_Debug|Win32
		{764C3A2D-FB0F-428E-B1C7-62D1DD2CE239}.Unicode_Debug|Win64.ActiveCfg = Unicode_Debug|x64
		{764C3A2D-FB0F-428E-B1C7-62D1DD2CE239}.Unicode_Debug|Win64.Build.0 = Unicode_Debug|x64
		{764C3A2D-FB0F-428E-B1C7-62D1DD2CE239}.Unicode_Debug|x64.ActiveCfg = Unicode_Debug|x64
		{764C3A2D-FB0F-428E-B1C7-62D1DD2CE239}.Unicode_Debug|x64.Build.0 = Unicode_Debug|x64
		{764C3A2D-FB0F-428E-B1C7-62D1DD2CE239}.Unicode_Release|Win32.ActiveCfg = Unicode_Release|Win32
		{764C3A2D-FB0F-428E-B1C7-62D1DD2CE239}.Unicode_Release|Win32.Build.0 = Unicode_Release|Win32
		{764C3A2D-FB0F-428E-B1C7-62D1DD2CE239}.Unicode_Release|Win64.ActiveCfg = Unicode_Release|x64
		{764C3A2D-FB0F-428E-B1C7-62D1DD2CE239}.Unicode_Release|Win64.Build.0 = Unicode_Release|x64
		{764C3A2D-FB0F-428E-B1C7-62D1DD2CE239}.Unicode_Release|x64.ActiveCfg = Unicode_Release|x64
		{764C3A2D-FB0F-428E-B1C7-62D1DD2CE239}.Unicode_Release|x64.Build.0 = Unicode_Release|x64
		{818753F2-DBB9-4D3B-898A-A604309BE470}.Debug|Win32.ActiveCfg = Debug|Win32
		{818753F2-DBB9-4D3B-898A-A604309BE470}.Debug|Win32.Build.0 = Debug|Win32
		{818753F2-DBB9-4D3B-898A-A604309BE470}.Debug|Win64.ActiveCfg = Debug|x64
		{818753F2-DBB9-4D3B-898A-A604309BE470}.Debug|Win64.Build.0 = Debug|x64
		{818753F2-DBB9-4D3B-898A-A604309BE470}.Debug|x64.ActiveCfg = Debug|x64
		{818753F2-DBB9-4D3B-898A-A604309BE470}.Debug|x64.Build.0 = Debug|x64
		{818753F2-DBB9-4D3B-898A-A604309BE470}.Release|Win32.ActiveCfg = Release|Win32
		{818753F2-DBB9-4D3B-898A-A604309BE470}.Release|Win32.Build.0 = Release|Win32
		{818753F2-DBB9-4D3B-898A-A604309BE470}.Release|Win64.ActiveCfg = Release|x64
		{818753F2-DBB9-4D3B-898A-A604309BE470}.Release|Win64.Build.0 = Release|x64
		{818753F2-DBB9-4D3B-898A-A604309BE470}.Release|x64.ActiveCfg = Release|x64
		{818753F2-DBB9-4D3B-898A-A604309BE470}.Release|x64.Build.0 = Release|x64
		{818753F2-DBB9-4D3B-898A-A604309BE470}.Unicode_Debug|Win32.ActiveCfg = Unicode_Debug|Win32
		{818753F2-DBB9-4D3B-898A-A604309BE470}.Unicode_Debug|Win32.Build.0 = Unicode_Debug|Win32
		{818753F2-DBB9-4D3B-898A-A604309BE470}.Unicode_Debug|Win64.ActiveCfg = Unicode_Debug|x64
		{818753F2-DBB9-4D3B-898A-A604309BE470}.Unicode_Debug|Win64.Build.0 = Unicode_Debug|x64
		{818753F2-DBB9-4D3B-898A-A604309BE470}.Unicode_Debug|x64.ActiveCfg = Unicode_Debug|x64
		{818753F2-DBB9-4D3B-898A-A604309BE470}.Unicode_Debug|x64.Build.0 = Unicode_Debug|x64
		{818753F2-DBB9-4D3B-898A-A604309BE470}.Unicode_Release|Win32.ActiveCfg = Unicode_Release|Win32
		{818753F2-DBB9-4D3B-898A-A604309BE470}.Unicode_Release|Win32.Build.0 = Unicode_Release|Win32
		{818753F2-DBB9-4D3B-898A-A604309BE470}.Unicode_Release|Win64.ActiveCfg = Unicode_Release|x64
		{818753F2-DBB9-4D3B-898A-A604309BE470}.Unicode_Release|Win64.Build.0 = Unicode_Release|x64
		{818753F2-DBB9-4D3B-898A-A604309BE470}.Unicode_Release|x64.ActiveCfg = Unicode_Release|x64
		{818753F2-DBB9-4D3B-898A-A604309BE470}.Unicode_Release|x64.Build.0 = Unicode_Release|x64
		{DF861D33-9BC1-418C-82B1-581F590FE169}.Debug|Win32.ActiveCfg = Debug|Win32
		{DF861D33-9BC1-418C-82B1-581F590FE169}.Debug|Win32.Build.0 = Debug|Win32
		{DF861D33-9BC1-418C-82B1-581F590FE169}.Debug|Win64.ActiveCfg = Debug|x64
		{DF861D33-9BC1-418C-82B1-581F590FE169}.Debug|Win64.Build.0 = Debug|x64
		{DF861D33-9BC1-418C-82B1-581F590FE169}.Debug|x64.ActiveCfg = Debug|x64
		{DF861D33-9BC1-418C-82B1-581F590FE169}.Debug|x64.Build.0 = Debug|x64
		{DF861D33-9BC1-418C-82B1-581F590FE169}.Release|Win32.ActiveCfg = Release|Win32
		{DF861D33-9BC1-418C-82B1-581F590FE169}.Release|Win32.Build.0 = Release|Win32
		{DF861D33-9BC1-418C-82B1-581F590FE169}.Release|Win64.ActiveCfg = Release|x64
		{DF861D33-9BC1-418C-82B1-581F590FE169}.Release|Win64.Build.0 = Release|x64
		{DF861D33-9BC1-418C-82B1-581F590FE169}.Release|x64.ActiveCfg = Release|x64
		{DF861D33-9BC1-418C-82B1-581F590FE169}.Release|x64.Build.0 = Release|x64
		{DF861D33-9BC1-418C-82B1-581F590FE169}.Unicode_Debug|Win32.ActiveCfg = Unicode_Debug|Win32
		{DF861D33-9BC1-418C-82B1-581F590FE169}.Unicode_Debug|Win32.Build.0 = Unicode_Debug|Win32
		{DF861D33-9BC1-418C-82B1-581F590FE169}.Unicode_Debug|Win64.ActiveCfg = Unicode_Debug|x64
		{DF861D33-9BC1-418C-82B1-581F590FE169}.Unicode_Debug|Win64.Build.0 = Unicode_Debug|x64
		{DF861D33-9BC1-418C-82B1-581F590FE169}.Unicode_Debug|x64.ActiveCfg = Unicode_Debug|x64
		{DF861D33-9BC1-418C-82B1-581F590FE169}.Unicode_Debug|x64.Build.0 = Unicode_Debug|x64
		{DF861D33-9BC1-418C-82B1-581F590FE169}.Unicode_Release|Win32.ActiveCfg = Unicode_Release|Win32
		{DF861D33-9BC1-418C-82B1-581F590FE169}.Unicode_Release|Win32.Build.0 = Unicode_Release|Win32
		{DF861D33-9BC1-418C-82B1-581F590FE169}.Unicode_Release|Win64.ActiveCfg = Unicode_Release|x64
		{DF861D33-9BC1-418C-82B1-581F590FE169}.Unicode_Release|Win64.Build.0 = Unicode_Release|x64
		{DF861D33-9BC1-418C-82B1-581F590FE169}.Unicode_Release|x64.ActiveCfg = Unicode_Release|x64
		{DF861D33-9BC1-418C-82B1-581F590FE169}.Unicode_Release|x64.Build.0 = Unicode_Release|x64
		{0588563C-F05C-428C-B21A-DD74756628B3}.Debug|Win32.ActiveCfg = Debug|Win32
		{0588563C-F05C-428C-B21A-DD74756628B3}.Debug|Win32.Build.0 = Debug|Win32
		{0588563C-F05C-428C-B21A-DD74756628B3}.Debug|Win64.ActiveCfg = Debug|x64
		{0588563C-F05C-428C-B21A-DD74756628B3}.Debug|Win64.Build.0 = Debug|x64
		{0588563C-F05C-428C-B21A-DD74756628B3}.Debug|x64.ActiveCfg = Debug|x64
		{0588563C-F05C-428C-B21A-DD74756628B3}.Debug|x64.Build.0 = Debug|x64
		{0588563C-F05C-428C-B21A-DD74756628B3}.Release|Win32.ActiveCfg = Release|Win32
		{0588563C-F05C-428C-B21A-DD74756628B3}.Release|Win32.Build.0 = Release|Win32
		{0588563C-F05C-428C-B21A-DD74756628B3}.Release|Win64.ActiveCfg = Release|x64
		{0588563C-F05C-428C-B21A-DD74756628B3}.Release|Win64.Build.0 = Release|x64
		{0588563C-F05C-428C-B21A-DD74756628B3}.Release|x64.ActiveCfg = Release|x64
		{0588563C-F05C-428C-B21A-DD74756628B3}.Release|x64.Build.0 = Release|x64
		{0588563C-F05C-428C-B21A-DD74756628B3}.Unicode_Debug|Win32.ActiveCfg = Unicode_Debug|Win32
		{0588563C-F05C-428C-B21A-DD74756628B3}.Unicode_Debug|Win32.Build.0 = Unicode_Debug|Win32
		{0588563C-F05C-428C-B21A-DD74756628B3}.Unicode_Debug|Win64.ActiveCfg = Unicode_Debug|x64
		{0588563C-F05C-428C-B21A-DD74756628B3}.Unicode_Debug|Win64.Build.0 = Unicode_Debug|x64
		{0588563C-F05C-428C-B21A-DD74756628B3}.Unicode_Debug|x64.ActiveCfg = Unicode_Debug|x64
		{0588563C-F05C-428C-B21A-DD74756628B3}.Unicode_Debug|x64.Build.0 = Unicode_Debug|x64
		{0588563C-F05C-428C-B21A-DD74756628B3}.Unicode_Release|Win32.ActiveCfg = Unicode_Release|Win32
		{0588563C-F05C-428C-B21A-DD74756628B3}.Unicode_Release|Win32.Build.0 = Unicode_Release|Win32
		{0588563C-F05C-428C-B21A-DD74756628B3}.Unicode_Release|Win64.ActiveCfg = Unicode_Release|x64
		{0588563C-F05C-428C-B21A-DD74756628B3}.Unicode_Release|Win64.Build.0 = Unicode_Release|x64
		{0588563C-F05C-428C-B21A-DD74756628B3}.Unicode_Release|x64.ActiveCfg = Unicode_Release|x64
		{0588563C-F05C-428C-B21A-DD74756628B3}.Unicode_Release|x64.Build.0 = Unicode_Release|x64
		{7B53D2C7-1B4A-4A53-A7D3-E25B92470B81}.Debug|Win32.ActiveCfg = Debug|Win32
		{7B53D2C7-1B4A-4A53-A7D3-E25B92470B81}.Debug|Win32.Build.0 = Debug|Win32
		{7B53D2C7-1B4A-4A53-A7D3-E25B92470B81}.Debug|Win64.ActiveCfg = Debug|x64
		{7B53D2C7-1B4A-4A53-A7D3-E25B92470B81}.Debug|Win64.Build.0 = Debug|x64
		{7B53D2C7-1B4A-4A53-A7D3-E25B92470B81}.Debug|x64.ActiveCfg = Debug|x64
		{7B53D2C7-1B4A-4A53-A7D3-E25B92470B81}.Debug|x64.Build.0 = Debug|x64
		{7B53D2C7-1B4A-4A53-A7D3-E25B92470B81}.Release|Win32.ActiveCfg = Release|Win32
		{7B53D2C7-1B4A-4A53-A7D3-E25B92470B81}.Release|Win32.Build.0 = Release|Win32
		{7B53D2C7-1B4A-4A53-A7D3-E25B92470B81}.Release|Win64.ActiveCfg = Release|x64
		{7B53D2C7-1B4A-4A53-A7D3-E25B92470B81}.Release|Win64.Build.0 = Release|x64
		{7B53D2C7-1B4A-4A53-A7D3-E25B92470B81}.Release|x64.ActiveCfg = Release|x64
		{7B53D2C7-1B4A-4A53-A7D3-E25B92470B81}.Release|x64.Build.0 = Release|x64
		{7B53D2C7-1B4A-4A53-A7D3-E25B92470B81}.Unicode_Debug|Win32.ActiveCfg = Unicode_Debug|Win32
		{7B53D2C7-1B4A-4A53-A7D3-E25B92470B81}.Unicode_Debug|Win32.Build.0 = Unicode_Debug|Win32
		{7B53D2C7-1B4A-4A53-A7D3-E25B92470B81}.Unicode_Debug|Win64.ActiveCfg = Unicode_Debug|x64
		{7B53D2C7-1B4A-4A53-A7D3-E25B92470B81}.Unicode_Debug|Win64.Build.0 = Unicode_Debug|x64
		{7B53D2C7-1B4A-4A53-A7D3-E25B92470B81}.Unicode_Debug|x64.ActiveCfg = Unicode_Debug|x64
		{7B53D2C7-1B4A-4A53-A7D3-E25B92470B81}.Unicode_Debug|x64.Build.0 = Unicode_Debug|x64
		{7B53D2C7-1B4A-4A53-A7D3-E25B92470B81}.Unicode_Release|Win32.ActiveCfg = Unicode_Release|Win32
		{7B53D2C7-1B4A-4A53-A7D3-E25B92470B81}.Unicode_Release|Win32.Build.0 = Unicode_Release|Win32
		{7B53D2C7-1B4A-4A53-A7D3-E25B92470B81}.Unicode_Release|Win64.ActiveCfg = Unicode_Release|x64
		{7B53D2C7-1B4A-4A53-A7D3-E25B92470B81}.Unicode_Release|Win64.Build.0 = Unicode_Release|x64
		{7B53D2C7-1B4A-4A53-A7D3-E25B92470B81}.Unicode_Release|x64.ActiveCfg = Unicode_Release|x64
		{7B53D2C7-1B4A-4A53-A7D3-E25B92470B81}.Unicode_Release|x64.Build.0 = Unicode_Release|x64
		{378B1934-2AD3-401A-B0B9-854FF9E3CEC3}.Debug|Win32.ActiveCfg = Debug|Win32
		{378B1934-2AD3-401A-B0B9-854FF9E3CEC3}.Debug|Win32.Build.0 = Debug|Win32
		{378B1934-2AD3-401A-B0B9-854FF9E3CEC3}.Debug|Win64.ActiveCfg = Debug|x64
		{378B1934-2AD3-401A-B0B9-854FF9E3CEC3}.Debug|Win64.Build.0 = Debug|x64
		{378B1934-2AD3-401A-B0B9-854FF9E3CEC3}.Debug|x64.ActiveCfg = Debug|x64
		{378B1934-2AD3-401A-B0B9-854FF9E3CEC3}.Debug|x64.Build.0 = Debug|x64
		{378B1934-2AD3-401A-B0B9-854FF9E3CEC3}.Release|Win32.ActiveCfg = Release|Win32
		{378B1934-2AD3-401A-B0B9-854FF9E3CEC3}.Release|Win32.Build.0 = Release|Win32
		{378B1934-2AD3-401A-B0B9-854FF9E3CEC3}.Release|Win64.ActiveCfg = Release|x64
		{378B1934-2AD3-401A-B0B9-854FF9E3CEC3}.Release|Win64.Build.0 = Release|x64
		{378B1934-2AD3-401A-B0B9-854FF9E3CEC3}.Release|x64.ActiveCfg = Release|x64
		{378B1934-2AD3-401A-B0B9-854FF9E3CEC3}.Release|x64.Build.0 = Release|x64
		{378B1934-2AD3-401A-B0B9-854FF9E3CEC3}.Unicode_Debug|Win32.ActiveCfg = Unicode_Debug|Win32
		{378B1934-2AD3-401A-B0B9-854FF9E3CEC3}.Unicode_Debug|Win32.Build.0 = Unicode_Debug|Win32
		{378B1934-2AD3-401A-B0B9-854FF9E3CEC3}.Unicode_Debug|Win64.ActiveCfg = Unicode_Debug|x64
		{378B1934-2AD3-401A-B0B9-854FF9E3CEC3}.Unicode_Debug|Win64.Build.0 = Unicode_Debug|x64
		{378B1934-2AD3-401A-B0B9-854FF9E3CEC3}.Unicode_Debug|x64.ActiveCfg = Unicode_Debug|x64
		{378B1934-2AD3-401A-B0B9-854FF9E3CEC3}.Unicode_Debug|x64.Build.0 = Unicode_Debug|x64
		{378B1934-2AD3-401A-B0B9-854FF9E3CEC3}.Unicode_Release|Win32.ActiveCfg = Unicode_Release|Win32
		{378B1934-2AD3-401A-B0B9-854FF9E3CEC3}.Unicode_Release|Win32.Build.0 = Unicode_Release|Win32
		{378B1934-2AD3-401A-B0B9-854FF9E3CEC3}.Unicode_Release|Win64.ActiveCfg = Unicode_Release|x64
		{378B1934-2AD3-401A-B0B9-854FF9E3CEC3}.Unicode_Release|Win64.Build.0 = Unicode_Release|x64
		{378B1934-2AD3-401A-B0B9-854FF9E3CEC3}.Unicode_Release|x64.ActiveCfg = Unicode_Release|x64
		{378B1934-2AD3-401A-B0B9-854FF9E3CEC3}.Unicode_Release|x64.Build.0 = Unicode_Release|x64
		{40A69F40-063E-43FD-8543-455495D8733E}.Debug|Win32.ActiveCfg = Debug|Win32
		{40A69F40-063E-43FD-8543-455495D8733E}.Debug|Win32.Build.0 = Debug|Win32
		{40A69F40-063E-43FD-8543-455495D8733E}.Debug|Win64.ActiveCfg = Debug|x64
		{40A69F40-063E-43FD-8543-455495D8733E}.Debug|Win64.Build.0 = Debug|x64
		{40A69F40-063E-43FD-8543-455495D8733E}.Debug|x64.ActiveCfg = Debug|x64
		{40A69F40-063E-43FD-8543-455495D8733E}.Debug|x64.Build.0 = Debug|x64
		{40A69F40-063E-43FD-8543-455495D8733E}.Release|Win32.ActiveCfg = Release|Win32
		{40A69F40-063E-43FD-8543-455495D8733E}.Release|Win32.Build.0 = Release|Win32
		{40A69F40-063E-43FD-8543-455495D8733E}.Release|Win64.ActiveCfg = Release|x64
		{40A69F40-063E-43FD-8543-455495D8733E}.Release|Win64.Build.0 = Release|x64
		{40A69F40-063E-43FD-8543-455495D8733E}.Release|x64.ActiveCfg = Release|x64
		{40A69F40-063E-43FD-8543-455495D8733E}.Release|x64.Build.0 = Release|x64
		{40A69F40-063E-43FD-8543-455495D8733E}.Unicode_Debug|Win32.ActiveCfg = Unicode_Debug|Win32
		{40A69F40-063E-43FD-8543-455495D8733E}.Unicode_Debug|Win32.Build.0 = Unicode_Debug|Win32
		{40A69F40-063E-43FD-8543-455495D8733E}.Unicode_Debug|Win64.ActiveCfg = Unicode_Debug|x64
		{40A69F40-063E-43FD-8543-455495D8733E}.Unicode_Debug|Win64.Build.0 = Unicode_Debug|x64
		{40A69F40-063E-43FD-8543-455495D8733E}.Unicode_Debug|x64.ActiveCfg = Unicode_Debug|x64
		{40A69F40-063E-43FD-8543-455495D8733E}.Unicode_Debug|x64.Build.0 = Unicode_Debug|x64
		{40A69F40-063E-43FD-8543-455495D8733E}.Unicode_Release|Win32.ActiveCfg = Unicode_Release|Win32
		{40A69F40-063E-43FD-8543-455495D8733E}.Unicode_Release|Win32.Build.0 = Unicode_Release|Win32
		{40A69F40-063E-43FD-8543-455495D8733E}.Unicode_Release|Win64.ActiveCfg = Unicode_Release|x64
		{40A69F40-063E-43FD-8543-455495D8733E}.Unicode_Release|Win64.Build.0 = Unicode_Release|x64
		{40A69F40-063E-43FD-8543-455495D8733E}.Unicode_Release|x64.ActiveCfg = Unicode_Release|x64
		{40A69F40-063E-43FD-8543-455495D8733E}.Unicode_Release|x64.Build.0 = Unicode_Release|x64
		{43A0E60E-5C4A-4C09-A29B-7683F503BBD7}.Debug|Win32.ActiveCfg = Debug|Win32
		{43A0E60E-5C4A-4C09-A29B-7683F503BBD7}.Debug|Win32.Build.0 = Debug|Win32
		{43A0E60E-5C4A-4C09-A29B-7683F503BBD7}.Debug|Win64.ActiveCfg = Debug|Win32
		{43A0E60E-5C4A-4C09-A29B-7683F503BBD7}.Debug|x64.ActiveCfg = Debug|x64
		{43A0E60E-5C4A-4C09-A29B-7683F503BBD7}.Debug|x64.Build.0 = Debug|x64
		{43A0E60E-5C4A-4C09-A29B-7683F503BBD7}.Release|Win32.ActiveCfg = Release|Win32
		{43A0E60E-5C4A-4C09-A29B-7683F503BBD7}.Release|Win32.Build.0 = Release|Win32
		{43A0E60E-5C4A-4C09-A29B-7683F503BBD7}.Release|Win64.ActiveCfg = Release|Win32
		{43A0E60E-5C4A-4C09-A29B-7683F503BBD7}.Release|x64.ActiveCfg = Release|x64
		{43A0E60E-5C4A-4C09-A29B-7683F503BBD7}.Release|x64.Build.0 = Release|x64
		{43A0E60E-5C4A-4C09-A29B-7683F503BBD7}.Unicode_Debug|Win32.ActiveCfg = Unicode_Debug|Win32
		{43A0E60E-5C4A-4C09-A29B-7683F503BBD7}.Unicode_Debug|Win32.Build.0 = Unicode_Debug|Win32
		{43A0E60E-5C4A-4C09-A29B-7683F503BBD7}.Unicode_Debug|Win64.ActiveCfg = Unicode_Debug|Win32
		{43A0E60E-5C4A-4C09-A29B-7683F503BBD7}.Unicode_Debug|x64.ActiveCfg = Unicode_Debug|x64
		{43A0E60E-5C4A-4C09-A29B-7683F503BBD7}.Unicode_Debug|x64.Build.0 = Unicode_Debug|x64
		{43A0E60E-5C4A-4C09-A29B-7683F503BBD7}.Unicode_Release|Win32.ActiveCfg = Unicode_Release|Win32
		{43A0E60E-5C4A-4C09-A29B-7683F503BBD7}.Unicode_Release|Win32.Build.0 = Unicode_Release|Win32
		{43A0E60E-5C4A-4C09-A29B-7683F503BBD7}.Unicode_Release|Win64.ActiveCfg = Unicode_Release|x64
		{43A0E60E-5C4A-4C09-A29B-7683F503BBD7}.Unicode_Release|x64.ActiveCfg = Unicode_Release|x64
		{43A0E60E-5C4A-4C09-A29B-7683F503BBD7}.Unicode_Release|x64.Build.0 = Unicode_Release|x64
	EndGlobalSection
	GlobalSection(SolutionProperties) = preSolution
		HideSolutionNode = FALSE
	EndGlobalSection
	GlobalSection(ExtensibilityGlobals) = postSolution
		SolutionGuid = {B42CC0AC-D304-4B53-A7A4-85891BA4CA75}
	EndGlobalSection
EndGlobal
