
Microsoft Visual Studio Solution File, Format Version 12.00
# Visual Studio Version 16
VisualStudioVersion = 16.0.36422.26
MinimumVisualStudioVersion = 10.0.40219.1
Project("{8BC9CEB8-8B4A-11D0-8D11-00A0C91BC942}") = "GifLib", "GifLib.vcxproj", "{57862D4F-6770-3181-83A3-5D2D6DAAA54C}"
EndProject
Global
	GlobalSection(SolutionConfigurationPlatforms) = preSolution
		Debug|x64 = Debug|x64
		MinSizeRel|x64 = MinSizeRel|x64
		Release|x64 = Release|x64
		RelWithDebInfo|x64 = RelWithDebInfo|x64
	EndGlobalSection
	GlobalSection(ProjectConfigurationPlatforms) = postSolution
		{57862D4F-6770-3181-83A3-5D2D6DAAA54C}.Debug|x64.ActiveCfg = Debug|x64
		{57862D4F-6770-3181-83A3-5D2D6DAAA54C}.Debug|x64.Build.0 = Debug|x64
		{57862D4F-6770-3181-83A3-5D2D6DAAA54C}.MinSizeRel|x64.ActiveCfg = MinSizeRel|x64
		{57862D4F-6770-3181-83A3-5D2D6DAAA54C}.MinSizeRel|x64.Build.0 = MinSizeRel|x64
		{57862D4F-6770-3181-83A3-5D2D6DAAA54C}.Release|x64.ActiveCfg = Release|x64
		{57862D4F-6770-3181-83A3-5D2D6DAAA54C}.Release|x64.Build.0 = Release|x64
		{57862D4F-6770-3181-83A3-5D2D6DAAA54C}.RelWithDebInfo|x64.ActiveCfg = RelWithDebInfo|x64
		{57862D4F-6770-3181-83A3-5D2D6DAAA54C}.RelWithDebInfo|x64.Build.0 = RelWithDebInfo|x64
	EndGlobalSection
	GlobalSection(SolutionProperties) = preSolution
		HideSolutionNode = FALSE
	EndGlobalSection
	GlobalSection(ExtensibilityGlobals) = postSolution
		SolutionGuid = {4556C3C4-9A4F-396F-974C-C5F1D775FE26}
	EndGlobalSection
EndGlobal
