Microsoft Visual Studio Solution File, Format Version 12.00
# Visual Studio Version 16
VisualStudioVersion = 16.0.31515.178
MinimumVisualStudioVersion = 10.0.40219.1
Project("{8BC9CEB8-8B4A-11D0-8D11-00A0C91BC942}") = "libpng", "libpng\libpng.vcxproj", "{D6973076-9317-4EF2-A0B8-B7A18AC0713E}"
EndProject
Global
	GlobalSection(SolutionConfigurationPlatforms) = preSolution
		DebugLibrary|Win32 = DebugLibrary|Win32
		DebugLibrary|x64 = DebugLibrary|x64
		ReleaseLibrary|Win32 = ReleaseLibrary|Win32
		ReleaseLibrary|x64 = ReleaseLibrary|x64
	EndGlobalSection
	GlobalSection(ProjectConfigurationPlatforms) = postSolution
		{D6973076-9317-4EF2-A0B8-B7A18AC0713E}.DebugLibrary|Win32.ActiveCfg = DebugLibrary|Win32
		{D6973076-9317-4EF2-A0B8-B7A18AC0713E}.DebugLibrary|Win32.Build.0 = DebugLibrary|Win32
		{D6973076-9317-4EF2-A0B8-B7A18AC0713E}.DebugLibrary|x64.ActiveCfg = DebugLibrary|x64
		{D6973076-9317-4EF2-A0B8-B7A18AC0713E}.DebugLibrary|x64.Build.0 = DebugLibrary|x64
		{D6973076-9317-4EF2-A0B8-B7A18AC0713E}.ReleaseLibrary|Win32.ActiveCfg = ReleaseLibrary|Win32
		{D6973076-9317-4EF2-A0B8-B7A18AC0713E}.ReleaseLibrary|Win32.Build.0 = ReleaseLibrary|Win32
		{D6973076-9317-4EF2-A0B8-B7A18AC0713E}.ReleaseLibrary|x64.ActiveCfg = ReleaseLibrary|x64
		{D6973076-9317-4EF2-A0B8-B7A18AC0713E}.ReleaseLibrary|x64.Build.0 = ReleaseLibrary|x64
	EndGlobalSection
	GlobalSection(SolutionProperties) = preSolution
		HideSolutionNode = FALSE
	EndGlobalSection
	GlobalSection(ExtensibilityGlobals) = postSolution
		SolutionGuid = {785775C5-509E-4727-A290-F1B65E1B68B2}
	EndGlobalSection
EndGlobal
